
Microsoft Visual Studio Solution File, Format Version 12.00
# Visual Studio Version 16
VisualStudioVersion = 16.0.30717.126
MinimumVisualStudioVersion = 10.0.40219.1
Project("{FAE04EC0-301F-11D3-BF4B-00C04F79EFBC}") = "Boilerplates", "Boilerplates\Boilerplates.csproj", "{BD969A0F-99AB-4B06-B33C-CE71C0C2F642}"
EndProject
Global
	GlobalSection(SolutionConfigurationPlatforms) = preSolution
		Debug|Any CPU = Debug|Any CPU
		Release|Any CPU = Release|Any CPU
	EndGlobalSection
	GlobalSection(ProjectConfigurationPlatforms) = postSolution
		{BD969A0F-99AB-4B06-B33C-CE71C0C2F642}.Debug|Any CPU.ActiveCfg = Debug|Any CPU
		{BD969A0F-99AB-4B06-B33C-CE71C0C2F642}.Debug|Any CPU.Build.0 = Debug|Any CPU
		{BD969A0F-99AB-4B06-B33C-CE71C0C2F642}.Release|Any CPU.ActiveCfg = Release|Any CPU
		{BD969A0F-99AB-4B06-B33C-CE71C0C2F642}.Release|Any CPU.Build.0 = Release|Any CPU
	EndGlobalSection
	GlobalSection(SolutionProperties) = preSolution
		HideSolutionNode = FALSE
	EndGlobalSection
	GlobalSection(ExtensibilityGlobals) = postSolution
		SolutionGuid = {5E7C67CF-2040-4318-9AFB-8F9A9C5A91A1}
	EndGlobalSection
EndGlobal
